// !$*UTF8*$!
{
	archiveVersion = 1;
	classes = {
	};
	objectVersion = 77;
	objects = {

/* Begin PBXBuildFile section */
		4F2905DE2DB8E196004C1DA1 /* DynamicNotchKit in Frameworks */ = {isa = PBXBuildFile; productRef = 4F2905DD2DB8E196004C1DA1 /* DynamicNotchKit */; };
		4F33DF812D9EDF9A008F0182 /* LaunchAtLogin in Frameworks */ = {isa = PBXBuildFile; productRef = 4F33DF802D9EDF9A008F0182 /* LaunchAtLogin */; };
		4F33DF842D9EE522008F0182 /* Defaults in Frameworks */ = {isa = PBXBuildFile; productRef = 4F33DF832D9EE522008F0182 /* Defaults */; };
		4F4DCDD92DB137F800067056 /* DynamicNotchKit in Frameworks */ = {isa = PBXBuildFile; productRef = 4F4DCDD82DB137F800067056 /* DynamicNotchKit */; };
		4F4DCDE22DB13C3100067056 /* DynamicNotchKit in Frameworks */ = {isa = PBXBuildFile; productRef = 4F4DCDE12DB13C3000067056 /* DynamicNotchKit */; };
		4F67B5F82D849896001FF27A /* ScriptingBridge.framework in Frameworks */ = {isa = PBXBuildFile; fileRef = 4F67B5F72D849896001FF27A /* ScriptingBridge.framework */; };
		4F8405652DB6DAE100BC97E2 /* DynamicNotchKit in Frameworks */ = {isa = PBXBuildFile; productRef = 4F8405642DB6DAE100BC97E2 /* DynamicNotchKit */; };
		4F8405682DB6DB5100BC97E2 /* DynamicNotchKit in Frameworks */ = {isa = PBXBuildFile; productRef = 4F8405672DB6DB5100BC97E2 /* DynamicNotchKit */; };
		4FABD4822D9704A500F8CFEA /* Luminare in Frameworks */ = {isa = PBXBuildFile; productRef = 4FABD4812D9704A500F8CFEA /* Luminare */; };
		4FABD4852D9704BB00F8CFEA /* KeyboardShortcuts in Frameworks */ = {isa = PBXBuildFile; productRef = 4FABD4842D9704BB00F8CFEA /* KeyboardShortcuts */; };
/* End PBXBuildFile section */

/* Begin PBXContainerItemProxy section */
		4FA87FD22D847DD800725978 /* PBXContainerItemProxy */ = {
			isa = PBXContainerItemProxy;
			containerPortal = 4FA87FB82D847DD700725978 /* Project object */;
			proxyType = 1;
			remoteGlobalIDString = 4FA87FBF2D847DD700725978;
			remoteInfo = MusicNotch;
		};
		4FA87FDC2D847DD800725978 /* PBXContainerItemProxy */ = {
			isa = PBXContainerItemProxy;
			containerPortal = 4FA87FB82D847DD700725978 /* Project object */;
			proxyType = 1;
			remoteGlobalIDString = 4FA87FBF2D847DD700725978;
			remoteInfo = MusicNotch;
		};
/* End PBXContainerItemProxy section */

/* Begin PBXFileReference section */
		4F67B5F72D849896001FF27A /* ScriptingBridge.framework */ = {isa = PBXFileReference; lastKnownFileType = wrapper.framework; name = ScriptingBridge.framework; path = System/Library/Frameworks/ScriptingBridge.framework; sourceTree = SDKROOT; };
		4FA87FC02D847DD700725978 /* MusicNotch.app */ = {isa = PBXFileReference; explicitFileType = wrapper.application; includeInIndex = 0; path = MusicNotch.app; sourceTree = BUILT_PRODUCTS_DIR; };
		4FA87FD12D847DD800725978 /* MusicNotchTests.xctest */ = {isa = PBXFileReference; explicitFileType = wrapper.cfbundle; includeInIndex = 0; path = MusicNotchTests.xctest; sourceTree = BUILT_PRODUCTS_DIR; };
		4FA87FDB2D847DD800725978 /* MusicNotchUITests.xctest */ = {isa = PBXFileReference; explicitFileType = wrapper.cfbundle; includeInIndex = 0; path = MusicNotchUITests.xctest; sourceTree = BUILT_PRODUCTS_DIR; };
/* End PBXFileReference section */

/* Begin PBXFileSystemSynchronizedBuildFileExceptionSet section */
		4F9CABBF2DD8C511008EAB2C /* Exceptions for "Config" folder in "MusicNotch" target */ = {
			isa = PBXFileSystemSynchronizedBuildFileExceptionSet;
			membershipExceptions = (
				Beta.xcconfig,
				Pre.xcconfig,
				Release.xcconfig,
			);
			target = 4FA87FBF2D847DD700725978 /* MusicNotch */;
		};
/* End PBXFileSystemSynchronizedBuildFileExceptionSet section */

/* Begin PBXFileSystemSynchronizedRootGroup section */
		4FA87FC22D847DD700725978 /* MusicNotch */ = {
			isa = PBXFileSystemSynchronizedRootGroup;
			path = MusicNotch;
			sourceTree = "<group>";
		};
		4FC65B3C2DA6E9C700C074CB /* Config */ = {
			isa = PBXFileSystemSynchronizedRootGroup;
			exceptions = (
				4F9CABBF2DD8C511008EAB2C /* Exceptions for "Config" folder in "MusicNotch" target */,
			);
			path = Config;
			sourceTree = "<group>";
		};
/* End PBXFileSystemSynchronizedRootGroup section */

/* Begin PBXFrameworksBuildPhase section */
		4FA87FBD2D847DD700725978 /* Frameworks */ = {
			isa = PBXFrameworksBuildPhase;
			buildActionMask = 2147483647;
			files = (
				4F8405652DB6DAE100BC97E2 /* DynamicNotchKit in Frameworks */,
				4F4DCDD92DB137F800067056 /* DynamicNotchKit in Frameworks */,
				4F2905DE2DB8E196004C1DA1 /* DynamicNotchKit in Frameworks */,
				4F4DCDE22DB13C3100067056 /* DynamicNotchKit in Frameworks */,
				4F8405682DB6DB5100BC97E2 /* DynamicNotchKit in Frameworks */,
				4F33DF842D9EE522008F0182 /* Defaults in Frameworks */,
				4F67B5F82D849896001FF27A /* ScriptingBridge.framework in Frameworks */,
				4FABD4822D9704A500F8CFEA /* Luminare in Frameworks */,
				4F33DF812D9EDF9A008F0182 /* LaunchAtLogin in Frameworks */,
				4FABD4852D9704BB00F8CFEA /* KeyboardShortcuts in Frameworks */,
			);
			runOnlyForDeploymentPostprocessing = 0;
		};
		4FA87FCE2D847DD800725978 /* Frameworks */ = {
			isa = PBXFrameworksBuildPhase;
			buildActionMask = 2147483647;
			files = (
			);
			runOnlyForDeploymentPostprocessing = 0;
		};
		4FA87FD82D847DD800725978 /* Frameworks */ = {
			isa = PBXFrameworksBuildPhase;
			buildActionMask = 2147483647;
			files = (
			);
			runOnlyForDeploymentPostprocessing = 0;
		};
/* End PBXFrameworksBuildPhase section */

/* Begin PBXGroup section */
		4F67B5F62D849896001FF27A /* Frameworks */ = {
			isa = PBXGroup;
			children = (
				4F67B5F72D849896001FF27A /* ScriptingBridge.framework */,
			);
			name = Frameworks;
			sourceTree = "<group>";
		};
		4FA87FB72D847DD700725978 = {
			isa = PBXGroup;
			children = (
				4FC65B3C2DA6E9C700C074CB /* Config */,
				4FA87FC22D847DD700725978 /* MusicNotch */,
				4F67B5F62D849896001FF27A /* Frameworks */,
				4FA87FC12D847DD700725978 /* Products */,
			);
			sourceTree = "<group>";
		};
		4FA87FC12D847DD700725978 /* Products */ = {
			isa = PBXGroup;
			children = (
				4FA87FC02D847DD700725978 /* MusicNotch.app */,
				4FA87FD12D847DD800725978 /* MusicNotchTests.xctest */,
				4FA87FDB2D847DD800725978 /* MusicNotchUITests.xctest */,
			);
			name = Products;
			sourceTree = "<group>";
		};
/* End PBXGroup section */

/* Begin PBXNativeTarget section */
		4FA87FBF2D847DD700725978 /* MusicNotch */ = {
			isa = PBXNativeTarget;
			buildConfigurationList = 4FA87FE52D847DD800725978 /* Build configuration list for PBXNativeTarget "MusicNotch" */;
			buildPhases = (
				4FA87FBC2D847DD700725978 /* Sources */,
				4FA87FBD2D847DD700725978 /* Frameworks */,
				4FA87FBE2D847DD700725978 /* Resources */,
			);
			buildRules = (
			);
			dependencies = (
			);
			fileSystemSynchronizedGroups = (
				4FA87FC22D847DD700725978 /* MusicNotch */,
				4FC65B3C2DA6E9C700C074CB /* Config */,
			);
			name = MusicNotch;
			packageProductDependencies = (
				4FABD4812D9704A500F8CFEA /* Luminare */,
				4FABD4842D9704BB00F8CFEA /* KeyboardShortcuts */,
				4F33DF802D9EDF9A008F0182 /* LaunchAtLogin */,
				4F33DF832D9EE522008F0182 /* Defaults */,
				4F4DCDD82DB137F800067056 /* DynamicNotchKit */,
				4F4DCDE12DB13C3000067056 /* DynamicNotchKit */,
				4F8405642DB6DAE100BC97E2 /* DynamicNotchKit */,
				4F8405672DB6DB5100BC97E2 /* DynamicNotchKit */,
				4F2905DD2DB8E196004C1DA1 /* DynamicNotchKit */,
			);
			productName = MusicNotch;
			productReference = 4FA87FC02D847DD700725978 /* MusicNotch.app */;
			productType = "com.apple.product-type.application";
		};
		4FA87FD02D847DD800725978 /* MusicNotchTests */ = {
			isa = PBXNativeTarget;
			buildConfigurationList = 4FA87FE82D847DD800725978 /* Build configuration list for PBXNativeTarget "MusicNotchTests" */;
			buildPhases = (
				4FA87FCD2D847DD800725978 /* Sources */,
				4FA87FCE2D847DD800725978 /* Frameworks */,
				4FA87FCF2D847DD800725978 /* Resources */,
			);
			buildRules = (
			);
			dependencies = (
				4FA87FD32D847DD800725978 /* PBXTargetDependency */,
			);
			name = MusicNotchTests;
			packageProductDependencies = (
			);
			productName = MusicNotchTests;
			productReference = 4FA87FD12D847DD800725978 /* MusicNotchTests.xctest */;
			productType = "com.apple.product-type.bundle.unit-test";
		};
		4FA87FDA2D847DD800725978 /* MusicNotchUITests */ = {
			isa = PBXNativeTarget;
			buildConfigurationList = 4FA87FEB2D847DD800725978 /* Build configuration list for PBXNativeTarget "MusicNotchUITests" */;
			buildPhases = (
				4FA87FD72D847DD800725978 /* Sources */,
				4FA87FD82D847DD800725978 /* Frameworks */,
				4FA87FD92D847DD800725978 /* Resources */,
			);
			buildRules = (
			);
			dependencies = (
				4FA87FDD2D847DD800725978 /* PBXTargetDependency */,
			);
			name = MusicNotchUITests;
			packageProductDependencies = (
			);
			productName = MusicNotchUITests;
			productReference = 4FA87FDB2D847DD800725978 /* MusicNotchUITests.xctest */;
			productType = "com.apple.product-type.bundle.ui-testing";
		};
/* End PBXNativeTarget section */

/* Begin PBXProject section */
		4FA87FB82D847DD700725978 /* Project object */ = {
			isa = PBXProject;
			attributes = {
				BuildIndependentTargetsInParallel = 1;
				LastSwiftUpdateCheck = 1620;
				LastUpgradeCheck = 1630;
				TargetAttributes = {
					4FA87FBF2D847DD700725978 = {
						CreatedOnToolsVersion = 16.2;
						LastSwiftMigration = 1620;
					};
					4FA87FD02D847DD800725978 = {
						CreatedOnToolsVersion = 16.2;
						TestTargetID = 4FA87FBF2D847DD700725978;
					};
					4FA87FDA2D847DD800725978 = {
						CreatedOnToolsVersion = 16.2;
						TestTargetID = 4FA87FBF2D847DD700725978;
					};
				};
			};
			buildConfigurationList = 4FA87FBB2D847DD700725978 /* Build configuration list for PBXProject "MusicNotch" */;
			developmentRegion = en;
			hasScannedForEncodings = 0;
			knownRegions = (
				en,
				Base,
				de,
			);
			mainGroup = 4FA87FB72D847DD700725978;
			minimizedProjectReferenceProxies = 1;
			packageReferences = (
				4FABD4802D9704A500F8CFEA /* XCRemoteSwiftPackageReference "Luminare" */,
				4FABD4832D9704BB00F8CFEA /* XCRemoteSwiftPackageReference "KeyboardShortcuts" */,
				4F33DF7F2D9EDF9A008F0182 /* XCRemoteSwiftPackageReference "LaunchAtLogin-Modern" */,
				4F33DF822D9EE522008F0182 /* XCRemoteSwiftPackageReference "Defaults" */,
				4F2905DC2DB8E196004C1DA1 /* XCLocalSwiftPackageReference "../DynamicNotchKit" */,
			);
			preferredProjectObjectVersion = 77;
			productRefGroup = 4FA87FC12D847DD700725978 /* Products */;
			projectDirPath = "";
			projectRoot = "";
			targets = (
				4FA87FBF2D847DD700725978 /* MusicNotch */,
				4FA87FD02D847DD800725978 /* MusicNotchTests */,
				4FA87FDA2D847DD800725978 /* MusicNotchUITests */,
			);
		};
/* End PBXProject section */

/* Begin PBXResourcesBuildPhase section */
		4FA87FBE2D847DD700725978 /* Resources */ = {
			isa = PBXResourcesBuildPhase;
			buildActionMask = 2147483647;
			files = (
			);
			runOnlyForDeploymentPostprocessing = 0;
		};
		4FA87FCF2D847DD800725978 /* Resources */ = {
			isa = PBXResourcesBuildPhase;
			buildActionMask = 2147483647;
			files = (
			);
			runOnlyForDeploymentPostprocessing = 0;
		};
		4FA87FD92D847DD800725978 /* Resources */ = {
			isa = PBXResourcesBuildPhase;
			buildActionMask = 2147483647;
			files = (
			);
			runOnlyForDeploymentPostprocessing = 0;
		};
/* End PBXResourcesBuildPhase section */

/* Begin PBXSourcesBuildPhase section */
		4FA87FBC2D847DD700725978 /* Sources */ = {
			isa = PBXSourcesBuildPhase;
			buildActionMask = 2147483647;
			files = (
			);
			runOnlyForDeploymentPostprocessing = 0;
		};
		4FA87FCD2D847DD800725978 /* Sources */ = {
			isa = PBXSourcesBuildPhase;
			buildActionMask = 2147483647;
			files = (
			);
			runOnlyForDeploymentPostprocessing = 0;
		};
		4FA87FD72D847DD800725978 /* Sources */ = {
			isa = PBXSourcesBuildPhase;
			buildActionMask = 2147483647;
			files = (
			);
			runOnlyForDeploymentPostprocessing = 0;
		};
/* End PBXSourcesBuildPhase section */

/* Begin PBXTargetDependency section */
		4FA87FD32D847DD800725978 /* PBXTargetDependency */ = {
			isa = PBXTargetDependency;
			target = 4FA87FBF2D847DD700725978 /* MusicNotch */;
			targetProxy = 4FA87FD22D847DD800725978 /* PBXContainerItemProxy */;
		};
		4FA87FDD2D847DD800725978 /* PBXTargetDependency */ = {
			isa = PBXTargetDependency;
			target = 4FA87FBF2D847DD700725978 /* MusicNotch */;
			targetProxy = 4FA87FDC2D847DD800725978 /* PBXContainerItemProxy */;
		};
/* End PBXTargetDependency section */

/* Begin XCBuildConfiguration section */
		4FA87FE32D847DD800725978 /* Debug */ = {
			isa = XCBuildConfiguration;
			baseConfigurationReferenceAnchor = 4FC65B3C2DA6E9C700C074CB /* Config */;
			baseConfigurationReferenceRelativePath = Release.xcconfig;
			buildSettings = {
				ALWAYS_SEARCH_USER_PATHS = NO;
				ASSETCATALOG_COMPILER_GENERATE_SWIFT_ASSET_SYMBOL_EXTENSIONS = YES;
				CLANG_ANALYZER_LOCALIZABILITY_NONLOCALIZED = YES;
				CLANG_ANALYZER_NONNULL = YES;
				CLANG_ANALYZER_NUMBER_OBJECT_CONVERSION = YES_AGGRESSIVE;
				CLANG_CXX_LANGUAGE_STANDARD = "gnu++20";
				CLANG_ENABLE_MODULES = YES;
				CLANG_ENABLE_OBJC_ARC = YES;
				CLANG_ENABLE_OBJC_WEAK = YES;
				CLANG_WARN_BLOCK_CAPTURE_AUTORELEASING = YES;
				CLANG_WARN_BOOL_CONVERSION = YES;
				CLANG_WARN_COMMA = YES;
				CLANG_WARN_CONSTANT_CONVERSION = YES;
				CLANG_WARN_DEPRECATED_OBJC_IMPLEMENTATIONS = YES;
				CLANG_WARN_DIRECT_OBJC_ISA_USAGE = YES_ERROR;
				CLANG_WARN_DOCUMENTATION_COMMENTS = YES;
				CLANG_WARN_EMPTY_BODY = YES;
				CLANG_WARN_ENUM_CONVERSION = YES;
				CLANG_WARN_INFINITE_RECURSION = YES;
				CLANG_WARN_INT_CONVERSION = YES;
				CLANG_WARN_NON_LITERAL_NULL_CONVERSION = YES;
				CLANG_WARN_OBJC_IMPLICIT_RETAIN_SELF = YES;
				CLANG_WARN_OBJC_LITERAL_CONVERSION = YES;
				CLANG_WARN_OBJC_ROOT_CLASS = YES_ERROR;
				CLANG_WARN_QUOTED_INCLUDE_IN_FRAMEWORK_HEADER = YES;
				CLANG_WARN_RANGE_LOOP_ANALYSIS = YES;
				CLANG_WARN_STRICT_PROTOTYPES = YES;
				CLANG_WARN_SUSPICIOUS_MOVE = YES;
				CLANG_WARN_UNGUARDED_AVAILABILITY = YES_AGGRESSIVE;
				CLANG_WARN_UNREACHABLE_CODE = YES;
				CLANG_WARN__DUPLICATE_METHOD_MATCH = YES;
				COPY_PHASE_STRIP = NO;
				DEAD_CODE_STRIPPING = YES;
				DEBUG_INFORMATION_FORMAT = dwarf;
				ENABLE_STRICT_OBJC_MSGSEND = YES;
				ENABLE_TESTABILITY = YES;
				ENABLE_USER_SCRIPT_SANDBOXING = YES;
				GCC_C_LANGUAGE_STANDARD = gnu17;
				GCC_DYNAMIC_NO_PIC = NO;
				GCC_NO_COMMON_BLOCKS = YES;
				GCC_OPTIMIZATION_LEVEL = 0;
				GCC_PREPROCESSOR_DEFINITIONS = (
					"DEBUG=1",
					"$(inherited)",
				);
				GCC_WARN_64_TO_32_BIT_CONVERSION = YES;
				GCC_WARN_ABOUT_RETURN_TYPE = YES_ERROR;
				GCC_WARN_UNDECLARED_SELECTOR = YES;
				GCC_WARN_UNINITIALIZED_AUTOS = YES_AGGRESSIVE;
				GCC_WARN_UNUSED_FUNCTION = YES;
				GCC_WARN_UNUSED_VARIABLE = YES;
				LOCALIZATION_PREFERS_STRING_CATALOGS = YES;
				MACOSX_DEPLOYMENT_TARGET = 15.2;
				MTL_ENABLE_DEBUG_INFO = INCLUDE_SOURCE;
				MTL_FAST_MATH = YES;
				ONLY_ACTIVE_ARCH = YES;
				SDKROOT = macosx;
				SWIFT_ACTIVE_COMPILATION_CONDITIONS = "DEBUG $(inherited)";
				SWIFT_EMIT_LOC_STRINGS = YES;
				SWIFT_OPTIMIZATION_LEVEL = "-Onone";
			};
			name = Debug;
		};
		4FA87FE42D847DD800725978 /* Release */ = {
			isa = XCBuildConfiguration;
			baseConfigurationReferenceAnchor = 4FC65B3C2DA6E9C700C074CB /* Config */;
			baseConfigurationReferenceRelativePath = Release.xcconfig;
			buildSettings = {
				ALWAYS_SEARCH_USER_PATHS = NO;
				ASSETCATALOG_COMPILER_GENERATE_SWIFT_ASSET_SYMBOL_EXTENSIONS = YES;
				CLANG_ANALYZER_LOCALIZABILITY_NONLOCALIZED = YES;
				CLANG_ANALYZER_NONNULL = YES;
				CLANG_ANALYZER_NUMBER_OBJECT_CONVERSION = YES_AGGRESSIVE;
				CLANG_CXX_LANGUAGE_STANDARD = "gnu++20";
				CLANG_ENABLE_MODULES = YES;
				CLANG_ENABLE_OBJC_ARC = YES;
				CLANG_ENABLE_OBJC_WEAK = YES;
				CLANG_WARN_BLOCK_CAPTURE_AUTORELEASING = YES;
				CLANG_WARN_BOOL_CONVERSION = YES;
				CLANG_WARN_COMMA = YES;
				CLANG_WARN_CONSTANT_CONVERSION = YES;
				CLANG_WARN_DEPRECATED_OBJC_IMPLEMENTATIONS = YES;
				CLANG_WARN_DIRECT_OBJC_ISA_USAGE = YES_ERROR;
				CLANG_WARN_DOCUMENTATION_COMMENTS = YES;
				CLANG_WARN_EMPTY_BODY = YES;
				CLANG_WARN_ENUM_CONVERSION = YES;
				CLANG_WARN_INFINITE_RECURSION = YES;
				CLANG_WARN_INT_CONVERSION = YES;
				CLANG_WARN_NON_LITERAL_NULL_CONVERSION = YES;
				CLANG_WARN_OBJC_IMPLICIT_RETAIN_SELF = YES;
				CLANG_WARN_OBJC_LITERAL_CONVERSION = YES;
				CLANG_WARN_OBJC_ROOT_CLASS = YES_ERROR;
				CLANG_WARN_QUOTED_INCLUDE_IN_FRAMEWORK_HEADER = YES;
				CLANG_WARN_RANGE_LOOP_ANALYSIS = YES;
				CLANG_WARN_STRICT_PROTOTYPES = YES;
				CLANG_WARN_SUSPICIOUS_MOVE = YES;
				CLANG_WARN_UNGUARDED_AVAILABILITY = YES_AGGRESSIVE;
				CLANG_WARN_UNREACHABLE_CODE = YES;
				CLANG_WARN__DUPLICATE_METHOD_MATCH = YES;
				COPY_PHASE_STRIP = NO;
				DEAD_CODE_STRIPPING = YES;
				DEBUG_INFORMATION_FORMAT = "dwarf-with-dsym";
				ENABLE_NS_ASSERTIONS = NO;
				ENABLE_STRICT_OBJC_MSGSEND = YES;
				ENABLE_USER_SCRIPT_SANDBOXING = YES;
				GCC_C_LANGUAGE_STANDARD = gnu17;
				GCC_NO_COMMON_BLOCKS = YES;
				GCC_WARN_64_TO_32_BIT_CONVERSION = YES;
				GCC_WARN_ABOUT_RETURN_TYPE = YES_ERROR;
				GCC_WARN_UNDECLARED_SELECTOR = YES;
				GCC_WARN_UNINITIALIZED_AUTOS = YES_AGGRESSIVE;
				GCC_WARN_UNUSED_FUNCTION = YES;
				GCC_WARN_UNUSED_VARIABLE = YES;
				LOCALIZATION_PREFERS_STRING_CATALOGS = YES;
				MACOSX_DEPLOYMENT_TARGET = 15.2;
				MTL_ENABLE_DEBUG_INFO = NO;
				MTL_FAST_MATH = YES;
				SDKROOT = macosx;
				SWIFT_COMPILATION_MODE = wholemodule;
				SWIFT_EMIT_LOC_STRINGS = YES;
			};
			name = Release;
		};
		4FA87FE62D847DD800725978 /* Debug */ = {
			isa = XCBuildConfiguration;
			baseConfigurationReferenceAnchor = 4FC65B3C2DA6E9C700C074CB /* Config */;
			baseConfigurationReferenceRelativePath = Release.xcconfig;
			buildSettings = {
				ASSETCATALOG_COMPILER_APPICON_NAME = "AppIcon-beta";
				ASSETCATALOG_COMPILER_GLOBAL_ACCENT_COLOR_NAME = AccentColor;
				ASSETCATALOG_COMPILER_INCLUDE_ALL_APPICON_ASSETS = NO;
				CLANG_ENABLE_MODULES = YES;
				CODE_SIGN_ENTITLEMENTS = MusicNotch/MusicNotch.entitlements;
				CODE_SIGN_IDENTITY = "Apple Development";
				"CODE_SIGN_IDENTITY[sdk=macosx*]" = "-";
				CODE_SIGN_STYLE = Automatic;
				COMBINE_HIDPI_IMAGES = YES;
				CURRENT_PROJECT_VERSION = 24;
				DEAD_CODE_STRIPPING = YES;
				DEVELOPMENT_ASSET_PATHS = "\"MusicNotch/Preview Content\"";
				DEVELOPMENT_TEAM = C3PS85G8WX;
				ENABLE_HARDENED_RUNTIME = YES;
				ENABLE_PREVIEWS = YES;
				FRAMEWORK_SEARCH_PATHS = "";
				GENERATE_INFOPLIST_FILE = YES;
				INFOPLIST_KEY_CFBundleDisplayName = MusicNotch;
				INFOPLIST_KEY_LSApplicationCategoryType = "public.app-category.utilities";
				INFOPLIST_KEY_NSHumanReadableCopyright = "Copyright © 2025 Noah Johann";
				LD_RUNPATH_SEARCH_PATHS = (
					"$(inherited)",
					"@executable_path/../Frameworks",
				);
				MACOSX_DEPLOYMENT_TARGET = 15.0;
				MARKETING_VERSION = "0.1.0-pre4";
				PRODUCT_BUNDLE_IDENTIFIER = com.NoahJohann.MusicNotch;
				PRODUCT_NAME = "$(TARGET_NAME)";
				PROVISIONING_PROFILE_SPECIFIER = "";
				SUPPORTED_PLATFORMS = macosx;
				SUPPORTS_MACCATALYST = NO;
				SWIFT_EMIT_LOC_STRINGS = YES;
				SWIFT_OPTIMIZATION_LEVEL = "-Onone";
				SWIFT_VERSION = 5.0;
			};
			name = Debug;
		};
		4FA87FE72D847DD800725978 /* Release */ = {
			isa = XCBuildConfiguration;
			baseConfigurationReferenceAnchor = 4FC65B3C2DA6E9C700C074CB /* Config */;
			baseConfigurationReferenceRelativePath = Release.xcconfig;
			buildSettings = {
				ASSETCATALOG_COMPILER_APPICON_NAME = "AppIcon-beta";
				ASSETCATALOG_COMPILER_GLOBAL_ACCENT_COLOR_NAME = AccentColor;
				ASSETCATALOG_COMPILER_INCLUDE_ALL_APPICON_ASSETS = NO;
				CLANG_ENABLE_MODULES = YES;
				CODE_SIGN_ENTITLEMENTS = MusicNotch/MusicNotch.entitlements;
				CODE_SIGN_IDENTITY = "Apple Development";
				"CODE_SIGN_IDENTITY[sdk=macosx*]" = "-";
				CODE_SIGN_STYLE = Automatic;
				COMBINE_HIDPI_IMAGES = YES;
				CURRENT_PROJECT_VERSION = 24;
				DEAD_CODE_STRIPPING = YES;
				DEVELOPMENT_ASSET_PATHS = "\"MusicNotch/Preview Content\"";
				DEVELOPMENT_TEAM = C3PS85G8WX;
				ENABLE_HARDENED_RUNTIME = YES;
				ENABLE_PREVIEWS = YES;
				FRAMEWORK_SEARCH_PATHS = "";
				GENERATE_INFOPLIST_FILE = YES;
				INFOPLIST_KEY_CFBundleDisplayName = MusicNotch;
				INFOPLIST_KEY_LSApplicationCategoryType = "public.app-category.utilities";
				INFOPLIST_KEY_NSHumanReadableCopyright = "Copyright © 2025 Noah Johann";
				LD_RUNPATH_SEARCH_PATHS = (
					"$(inherited)",
					"@executable_path/../Frameworks",
				);
				MACOSX_DEPLOYMENT_TARGET = 15.0;
				MARKETING_VERSION = "0.1.0-pre4";
				PRODUCT_BUNDLE_IDENTIFIER = com.NoahJohann.MusicNotch;
				PRODUCT_NAME = "$(TARGET_NAME)";
				PROVISIONING_PROFILE_SPECIFIER = "";
				SUPPORTED_PLATFORMS = macosx;
				SUPPORTS_MACCATALYST = NO;
				SWIFT_EMIT_LOC_STRINGS = YES;
				SWIFT_VERSION = 5.0;
			};
			name = Release;
		};
		4FA87FE92D847DD800725978 /* Debug */ = {
			isa = XCBuildConfiguration;
			baseConfigurationReferenceAnchor = 4FC65B3C2DA6E9C700C074CB /* Config */;
			baseConfigurationReferenceRelativePath = Release.xcconfig;
			buildSettings = {
				BUNDLE_LOADER = "$(TEST_HOST)";
				CODE_SIGN_STYLE = Automatic;
				CURRENT_PROJECT_VERSION = 1;
				DEAD_CODE_STRIPPING = YES;
				GENERATE_INFOPLIST_FILE = YES;
				MACOSX_DEPLOYMENT_TARGET = 15.2;
				MARKETING_VERSION = 1.0;
				PRODUCT_BUNDLE_IDENTIFIER = "n-johannn.MusicNotchTests";
				PRODUCT_NAME = "$(TARGET_NAME)";
				SWIFT_EMIT_LOC_STRINGS = NO;
				SWIFT_VERSION = 5.0;
				TEST_HOST = "$(BUILT_PRODUCTS_DIR)/MusicNotch.app/$(BUNDLE_EXECUTABLE_FOLDER_PATH)/MusicNotch";
			};
			name = Debug;
		};
		4FA87FEA2D847DD800725978 /* Release */ = {
			isa = XCBuildConfiguration;
			baseConfigurationReferenceAnchor = 4FC65B3C2DA6E9C700C074CB /* Config */;
			baseConfigurationReferenceRelativePath = Release.xcconfig;
			buildSettings = {
				BUNDLE_LOADER = "$(TEST_HOST)";
				CODE_SIGN_STYLE = Automatic;
				CURRENT_PROJECT_VERSION = 1;
				DEAD_CODE_STRIPPING = YES;
				GENERATE_INFOPLIST_FILE = YES;
				MACOSX_DEPLOYMENT_TARGET = 15.2;
				MARKETING_VERSION = 1.0;
				PRODUCT_BUNDLE_IDENTIFIER = "n-johannn.MusicNotchTests";
				PRODUCT_NAME = "$(TARGET_NAME)";
				SWIFT_EMIT_LOC_STRINGS = NO;
				SWIFT_VERSION = 5.0;
				TEST_HOST = "$(BUILT_PRODUCTS_DIR)/MusicNotch.app/$(BUNDLE_EXECUTABLE_FOLDER_PATH)/MusicNotch";
			};
			name = Release;
		};
		4FA87FEC2D847DD800725978 /* Debug */ = {
			isa = XCBuildConfiguration;
			baseConfigurationReferenceAnchor = 4FC65B3C2DA6E9C700C074CB /* Config */;
			baseConfigurationReferenceRelativePath = Release.xcconfig;
			buildSettings = {
				CODE_SIGN_STYLE = Automatic;
				CURRENT_PROJECT_VERSION = 1;
				DEAD_CODE_STRIPPING = YES;
				GENERATE_INFOPLIST_FILE = YES;
				MARKETING_VERSION = 1.0;
				PRODUCT_BUNDLE_IDENTIFIER = "n-johannn.MusicNotchUITests";
				PRODUCT_NAME = "$(TARGET_NAME)";
				SWIFT_EMIT_LOC_STRINGS = NO;
				SWIFT_VERSION = 5.0;
				TEST_TARGET_NAME = MusicNotch;
			};
			name = Debug;
		};
		4FA87FED2D847DD800725978 /* Release */ = {
			isa = XCBuildConfiguration;
			baseConfigurationReferenceAnchor = 4FC65B3C2DA6E9C700C074CB /* Config */;
			baseConfigurationReferenceRelativePath = Release.xcconfig;
			buildSettings = {
				CODE_SIGN_STYLE = Automatic;
				CURRENT_PROJECT_VERSION = 1;
				DEAD_CODE_STRIPPING = YES;
				GENERATE_INFOPLIST_FILE = YES;
				MARKETING_VERSION = 1.0;
				PRODUCT_BUNDLE_IDENTIFIER = "n-johannn.MusicNotchUITests";
				PRODUCT_NAME = "$(TARGET_NAME)";
				SWIFT_EMIT_LOC_STRINGS = NO;
				SWIFT_VERSION = 5.0;
				TEST_TARGET_NAME = MusicNotch;
			};
			name = Release;
		};
/* End XCBuildConfiguration section */

/* Begin XCConfigurationList section */
		4FA87FBB2D847DD700725978 /* Build configuration list for PBXProject "MusicNotch" */ = {
			isa = XCConfigurationList;
			buildConfigurations = (
				4FA87FE32D847DD800725978 /* Debug */,
				4FA87FE42D847DD800725978 /* Release */,
			);
			defaultConfigurationIsVisible = 0;
			defaultConfigurationName = Release;
		};
		4FA87FE52D847DD800725978 /* Build configuration list for PBXNativeTarget "MusicNotch" */ = {
			isa = XCConfigurationList;
			buildConfigurations = (
				4FA87FE62D847DD800725978 /* Debug */,
				4FA87FE72D847DD800725978 /* Release */,
			);
			defaultConfigurationIsVisible = 0;
			defaultConfigurationName = Release;
		};
		4FA87FE82D847DD800725978 /* Build configuration list for PBXNativeTarget "MusicNotchTests" */ = {
			isa = XCConfigurationList;
			buildConfigurations = (
				4FA87FE92D847DD800725978 /* Debug */,
				4FA87FEA2D847DD800725978 /* Release */,
			);
			defaultConfigurationIsVisible = 0;
			defaultConfigurationName = Release;
		};
		4FA87FEB2D847DD800725978 /* Build configuration list for PBXNativeTarget "MusicNotchUITests" */ = {
			isa = XCConfigurationList;
			buildConfigurations = (
				4FA87FEC2D847DD800725978 /* Debug */,
				4FA87FED2D847DD800725978 /* Release */,
			);
			defaultConfigurationIsVisible = 0;
			defaultConfigurationName = Release;
		};
/* End XCConfigurationList section */

/* Begin XCLocalSwiftPackageReference section */
		4F2905DC2DB8E196004C1DA1 /* XCLocalSwiftPackageReference "../DynamicNotchKit" */ = {
			isa = XCLocalSwiftPackageReference;
			relativePath = ../DynamicNotchKit;
		};
/* End XCLocalSwiftPackageReference section */

/* Begin XCRemoteSwiftPackageReference section */
		4F33DF7F2D9EDF9A008F0182 /* XCRemoteSwiftPackageReference "LaunchAtLogin-Modern" */ = {
			isa = XCRemoteSwiftPackageReference;
			repositoryURL = "https://github.com/sindresorhus/LaunchAtLogin-Modern";
			requirement = {
				branch = main;
				kind = branch;
			};
		};
		4F33DF822D9EE522008F0182 /* XCRemoteSwiftPackageReference "Defaults" */ = {
			isa = XCRemoteSwiftPackageReference;
			repositoryURL = "https://github.com/sindresorhus/Defaults";
			requirement = {
				branch = main;
				kind = branch;
			};
		};
		4FABD4802D9704A500F8CFEA /* XCRemoteSwiftPackageReference "Luminare" */ = {
			isa = XCRemoteSwiftPackageReference;
			repositoryURL = "https://github.com/MrKai77/Luminare";
			requirement = {
				branch = main;
				kind = branch;
			};
		};
		4FABD4832D9704BB00F8CFEA /* XCRemoteSwiftPackageReference "KeyboardShortcuts" */ = {
			isa = XCRemoteSwiftPackageReference;
			repositoryURL = "https://github.com/sindresorhus/KeyboardShortcuts";
			requirement = {
				branch = main;
				kind = branch;
			};
		};
/* End XCRemoteSwiftPackageReference section */

/* Begin XCSwiftPackageProductDependency section */
		4F2905DD2DB8E196004C1DA1 /* DynamicNotchKit */ = {
			isa = XCSwiftPackageProductDependency;
			productName = DynamicNotchKit;
		};
		4F33DF802D9EDF9A008F0182 /* LaunchAtLogin */ = {
			isa = XCSwiftPackageProductDependency;
			package = 4F33DF7F2D9EDF9A008F0182 /* XCRemoteSwiftPackageReference "LaunchAtLogin-Modern" */;
			productName = LaunchAtLogin;
		};
		4F33DF832D9EE522008F0182 /* Defaults */ = {
			isa = XCSwiftPackageProductDependency;
			package = 4F33DF822D9EE522008F0182 /* XCRemoteSwiftPackageReference "Defaults" */;
			productName = Defaults;
		};
		4F4DCDD82DB137F800067056 /* DynamicNotchKit */ = {
			isa = XCSwiftPackageProductDependency;
			productName = DynamicNotchKit;
		};
		4F4DCDE12DB13C3000067056 /* DynamicNotchKit */ = {
			isa = XCSwiftPackageProductDependency;
			productName = DynamicNotchKit;
		};
		4F8405642DB6DAE100BC97E2 /* DynamicNotchKit */ = {
			isa = XCSwiftPackageProductDependency;
			productName = DynamicNotchKit;
		};
		4F8405672DB6DB5100BC97E2 /* DynamicNotchKit */ = {
			isa = XCSwiftPackageProductDependency;
			productName = DynamicNotchKit;
		};
		4FABD4812D9704A500F8CFEA /* Luminare */ = {
			isa = XCSwiftPackageProductDependency;
			package = 4FABD4802D9704A500F8CFEA /* XCRemoteSwiftPackageReference "Luminare" */;
			productName = Luminare;
		};
		4FABD4842D9704BB00F8CFEA /* KeyboardShortcuts */ = {
			isa = XCSwiftPackageProductDependency;
			package = 4FABD4832D9704BB00F8CFEA /* XCRemoteSwiftPackageReference "KeyboardShortcuts" */;
			productName = KeyboardShortcuts;
		};
/* End XCSwiftPackageProductDependency section */
	};
	rootObject = 4FA87FB82D847DD700725978 /* Project object */;
}
