{
  "originHash" : "892fc17b9255f9bab4d19584dcc00325b9a3f7054f1dc330f4c499f99a41050c",
  "pins" : [
    {
      "identity" : "defaults",
      "kind" : "remoteSourceControl",
      "location" : "https://github.com/sindresorhus/Defaults",
      "state" : {
        "branch" : "main",
        "revision" : "00c82eff4550c87cf9c547d7e5493a6a97837061"
      }
    },
    {
      "identity" : "dynamicnotchkit",
      "kind" : "remoteSourceControl",
      "location" : "https://github.com/Noah-Johann/DynamicNotchKit/",
      "state" : {
        "branch" : "main",
        "revision" : "a7eb228b2e56b4a16dc3c15c66158af32040065c"
      }
    },
    {
      "identity" : "keyboardshortcuts",
      "kind" : "remoteSourceControl",
      "location" : "https://github.com/sindresorhus/KeyboardShortcuts",
      "state" : {
        "branch" : "main",
        "revision" : "045cf174010beb335fa1d2567d18c057b8787165"
      }
    },
    {
      "identity" : "launchatlogin-modern",
      "kind" : "remoteSourceControl",
      "location" : "https://github.com/sindresorhus/LaunchAtLogin-Modern",
      "state" : {
        "branch" : "main",
        "revision" : "a04ec1c363be3627734f6dad757d82f5d4fa8fcc"
      }
    },
    {
      "identity" : "luminare",
      "kind" : "remoteSourceControl",
      "location" : "https://github.com/Cement-Labs/Luminare",
      "state" : {
        "branch" : "main",
        "revision" : "64499882e3e44a246f38fc5f697936ef3dbdc48b"
      }
    },
    {
      "identity" : "swift-syntax",
      "kind" : "remoteSourceControl",
      "location" : "https://github.com/swiftlang/swift-syntax",
      "state" : {
        "revision" : "f99ae8aa18f0cf0d53481901f88a0991dc3bd4a2",
        "version" : "601.0.1"
      }
    },
    {
      "identity" : "swiftui-introspect",
      "kind" : "remoteSourceControl",
      "location" : "https://github.com/siteline/swiftui-introspect",
      "state" : {
        "revision" : "807f73ce09a9b9723f12385e592b4e0aaebd3336",
        "version" : "1.3.0"
      }
    },
    {
      "identity" : "swiftui-variadic-views",
      "kind" : "remoteSourceControl",
      "location" : "https://github.com/lorenzofiamingo/swiftui-variadic-views",
      "state" : {
        "revision" : "af67d0e85bd2b499fbfb4cda834117e7c52b12b0",
        "version" : "1.0.0"
      }
    }
  ],
  "version" : 3
}
